
Microsoft Visual Studio Solution File, Format Version 12.00
# Visual Studio Version 18
VisualStudioVersion = 18.4.11626.88 stable
MinimumVisualStudioVersion = 10.0.40219.1
Project("{FAE04EC0-301F-11D3-BF4B-00C04F79EFBC}") = "StructsAndAlgorithms", "StructsAndAlgorithms\StructsAndAlgorithms.csproj", "{E8127F69-FE60-43FE-B80A-913CA13AC822}"
EndProject
Project("{FAE04EC0-301F-11D3-BF4B-00C04F79EFBC}") = "BinaryTree", "BinaryTree\BinaryTree.csproj", "{F315B39A-5715-46A0-AB69-C339A9B4F1D7}"
EndProject
Project("{FAE04EC0-301F-11D3-BF4B-00C04F79EFBC}") = "BST", "BST\BST.csproj", "{477ED100-A862-405E-A775-0CFCEF1D5658}"
EndProject
Project("{FAE04EC0-301F-11D3-BF4B-00C04F79EFBC}") = "GraphProject", "Graph1\GraphProject.csproj", "{838E87F0-8A1A-471B-BFD8-8AB629D08FCC}"
EndProject
Global
	GlobalSection(SolutionConfigurationPlatforms) = preSolution
		Debug|Any CPU = Debug|Any CPU
		Release|Any CPU = Release|Any CPU
	EndGlobalSection
	GlobalSection(ProjectConfigurationPlatforms) = postSolution
		{E8127F69-FE60-43FE-B80A-913CA13AC822}.Debug|Any CPU.ActiveCfg = Debug|Any CPU
		{E8127F69-FE60-43FE-B80A-913CA13AC822}.Debug|Any CPU.Build.0 = Debug|Any CPU
		{E8127F69-FE60-43FE-B80A-913CA13AC822}.Release|Any CPU.ActiveCfg = Release|Any CPU
		{E8127F69-FE60-43FE-B80A-913CA13AC822}.Release|Any CPU.Build.0 = Release|Any CPU
		{F315B39A-5715-46A0-AB69-C339A9B4F1D7}.Debug|Any CPU.ActiveCfg = Debug|Any CPU
		{F315B39A-5715-46A0-AB69-C339A9B4F1D7}.Debug|Any CPU.Build.0 = Debug|Any CPU
		{F315B39A-5715-46A0-AB69-C339A9B4F1D7}.Release|Any CPU.ActiveCfg = Release|Any CPU
		{F315B39A-5715-46A0-AB69-C339A9B4F1D7}.Release|Any CPU.Build.0 = Release|Any CPU
		{477ED100-A862-405E-A775-0CFCEF1D5658}.Debug|Any CPU.ActiveCfg = Debug|Any CPU
		{477ED100-A862-405E-A775-0CFCEF1D5658}.Debug|Any CPU.Build.0 = Debug|Any CPU
		{477ED100-A862-405E-A775-0CFCEF1D5658}.Release|Any CPU.ActiveCfg = Release|Any CPU
		{477ED100-A862-405E-A775-0CFCEF1D5658}.Release|Any CPU.Build.0 = Release|Any CPU
		{838E87F0-8A1A-471B-BFD8-8AB629D08FCC}.Debug|Any CPU.ActiveCfg = Debug|Any CPU
		{838E87F0-8A1A-471B-BFD8-8AB629D08FCC}.Debug|Any CPU.Build.0 = Debug|Any CPU
		{838E87F0-8A1A-471B-BFD8-8AB629D08FCC}.Release|Any CPU.ActiveCfg = Release|Any CPU
		{838E87F0-8A1A-471B-BFD8-8AB629D08FCC}.Release|Any CPU.Build.0 = Release|Any CPU
	EndGlobalSection
	GlobalSection(SolutionProperties) = preSolution
		HideSolutionNode = FALSE
	EndGlobalSection
	GlobalSection(ExtensibilityGlobals) = postSolution
		SolutionGuid = {BF79441D-1EB6-4F3F-972B-1AD2BED8CB99}
	EndGlobalSection
EndGlobal
